{
  "name": "word-freq-test",
  "version": "1.0.0",
  "lockfileVersion": 1,
  "requires": true,
  "dependencies": {
    "stem-porter": {
      "version": "0.0.1",
      "resolved": "https://registry.npmjs.org/stem-porter/-/stem-porter-0.0.1.tgz",
      "integrity": "sha1-WRqLDWlsNCUq9ZNTUihDCjTecAE="
    },
    "stm": {
      "version": "0.0.3",
      "resolved": "https://registry.npmjs.org/stm/-/stm-0.0.3.tgz",
      "integrity": "sha1-BIDYXzh8uTVsztCfT6DCQPUaXso=",
      "requires": {
        "stem-porter": "0.0.1",
        "tkn": "0.x.x"
      }
    },
    "stopwords": {
      "version": "0.0.9",
      "resolved": "https://registry.npmjs.org/stopwords/-/stopwords-0.0.9.tgz",
      "integrity": "sha512-2OF7/9f5buXrBB8De5ZAC9+g5nIw9SRx9ZsL3Qpz6znSfPEihOmaMnwJxXehynZ9AfRNroHIKEIcsEmRywVXVQ=="
    },
    "tkn": {
      "version": "0.0.5",
      "resolved": "https://registry.npmjs.org/tkn/-/tkn-0.0.5.tgz",
      "integrity": "sha1-uOBfE3YIrleCrG0D0I96vX2GPnk=",
      "requires": {
        "stopwords": "*"
      }
    },
    "word-freq": {
      "version": "0.0.8",
      "resolved": "https://registry.npmjs.org/word-freq/-/word-freq-0.0.8.tgz",
      "integrity": "sha1-0/El2aWyXBgZWOB4mBB3etC2VMw=",
      "requires": {
        "stm": "0.x.x"
      }
    }
  }
}
